
Microsoft Visual Studio Solution File, Format Version 12.00
# Visual Studio Version 17
VisualStudioVersion = 17.9.34723.18
MinimumVisualStudioVersion = 10.0.40219.1
Project("{FAE04EC0-301F-11D3-BF4B-00C04F79EFBC}") = "tcpprobe", "tcpprobe\tcpprobe.csproj", "{1244A336-4054-4ACA-8FB8-C13F14C48E99}"
EndProject
Global
	GlobalSection(SolutionConfigurationPlatforms) = preSolution
		Debug|Any CPU = Debug|Any CPU
		Release|Any CPU = Release|Any CPU
	EndGlobalSection
	GlobalSection(ProjectConfigurationPlatforms) = postSolution
		{1244A336-4054-4ACA-8FB8-C13F14C48E99}.Debug|Any CPU.ActiveCfg = Debug|Any CPU
		{1244A336-4054-4ACA-8FB8-C13F14C48E99}.Debug|Any CPU.Build.0 = Debug|Any CPU
		{1244A336-4054-4ACA-8FB8-C13F14C48E99}.Release|Any CPU.ActiveCfg = Release|Any CPU
		{1244A336-4054-4ACA-8FB8-C13F14C48E99}.Release|Any CPU.Build.0 = Release|Any CPU
	EndGlobalSection
	GlobalSection(SolutionProperties) = preSolution
		HideSolutionNode = FALSE
	EndGlobalSection
	GlobalSection(ExtensibilityGlobals) = postSolution
		SolutionGuid = {FCBAA56B-8C8D-4C71-B343-C9114EE51ED0}
	EndGlobalSection
EndGlobal
